
Microsoft Visual Studio Solution File, Format Version 12.00
# Visual Studio Version 17
VisualStudioVersion = 17.3.32922.545
MinimumVisualStudioVersion = 10.0.40219.1
Project("{9A19103F-16F7-4668-BE54-9A1E7A4F7556}") = "ANXY", "ANXY.csproj", "{C0BB3F7B-0654-4A73-8605-BDBF072168B2}"
EndProject
Project("{FAE04EC0-301F-11D3-BF4B-00C04F79EFBC}") = "ANXYTests", "..\ANXYTests\ANXYTests.csproj", "{289EF73C-ADB1-4BAA-8566-917322E6310E}"
EndProject
Global
	GlobalSection(SolutionConfigurationPlatforms) = preSolution
		Debug|Any CPU = Debug|Any CPU
		Release|Any CPU = Release|Any CPU
	EndGlobalSection
	GlobalSection(ProjectConfigurationPlatforms) = postSolution
		{C0BB3F7B-0654-4A73-8605-BDBF072168B2}.Debug|Any CPU.ActiveCfg = Debug|Any CPU
		{C0BB3F7B-0654-4A73-8605-BDBF072168B2}.Debug|Any CPU.Build.0 = Debug|Any CPU
		{C0BB3F7B-0654-4A73-8605-BDBF072168B2}.Release|Any CPU.ActiveCfg = Release|Any CPU
		{C0BB3F7B-0654-4A73-8605-BDBF072168B2}.Release|Any CPU.Build.0 = Release|Any CPU
		{289EF73C-ADB1-4BAA-8566-917322E6310E}.Debug|Any CPU.ActiveCfg = Debug|Any CPU
		{289EF73C-ADB1-4BAA-8566-917322E6310E}.Debug|Any CPU.Build.0 = Debug|Any CPU
		{289EF73C-ADB1-4BAA-8566-917322E6310E}.Release|Any CPU.ActiveCfg = Release|Any CPU
		{289EF73C-ADB1-4BAA-8566-917322E6310E}.Release|Any CPU.Build.0 = Release|Any CPU
	EndGlobalSection
	GlobalSection(SolutionProperties) = preSolution
		HideSolutionNode = FALSE
	EndGlobalSection
	GlobalSection(ExtensibilityGlobals) = postSolution
		SolutionGuid = {C50633B7-4952-47AD-A3A3-4C088754C64A}
	EndGlobalSection
EndGlobal
